<Solution>
  <Folder Name="/Solution Items/">
    <File Path=".editorconfig" />
    <File Path=".gitattributes" />
    <File Path=".gitignore" />
    <File Path="azure-pipelines.yml" />
    <File Path="Directory.Build.props" />
    <File Path="Directory.Build.rsp" />
    <File Path="Directory.Build.targets" />
    <File Path="Directory.Packages.props" />
    <File Path="global.json" />
    <File Path="init.ps1" />
    <File Path="nuget.config" />
    <File Path="README.md" />
    <File Path="version.json" />
  </Folder>
  <Folder Name="/src/">
    <File Path="src/.editorconfig" />
    <File Path="src/Directory.Build.props" />
    <File Path="src/Directory.Build.targets" />
    <Project Path="src/AssemblyRefScanner/AssemblyRefScanner.csproj" />
  </Folder>
  <Folder Name="/test/">
    <File Path="test/.editorconfig" />
    <File Path="test/Directory.Build.props" />
    <File Path="test/Directory.Build.targets" />
    <Project Path="test/AssemblyRefScanner.Tests/AssemblyRefScanner.Tests.csproj" />
  </Folder>
</Solution>
